
Microsoft Visual Studio Solution File, Format Version 12.00
# Visual Studio Version 17
VisualStudioVersion = 17.9.34622.214
MinimumVisualStudioVersion = 10.0.40219.1
Project("{FAE04EC0-301F-11D3-BF4B-00C04F79EFBC}") = "mf-apis-web-services-fuel-manager", "mf-apis-web-services-fuel-manager.csproj", "{7BC6D5BD-1960-45C7-8347-3E3A9F18258F}"
EndProject
Global
	GlobalSection(SolutionConfigurationPlatforms) = preSolution
		Debug|Any CPU = Debug|Any CPU
		Release|Any CPU = Release|Any CPU
	EndGlobalSection
	GlobalSection(ProjectConfigurationPlatforms) = postSolution
		{7BC6D5BD-1960-45C7-8347-3E3A9F18258F}.Debug|Any CPU.ActiveCfg = Debug|Any CPU
		{7BC6D5BD-1960-45C7-8347-3E3A9F18258F}.Debug|Any CPU.Build.0 = Debug|Any CPU
		{7BC6D5BD-1960-45C7-8347-3E3A9F18258F}.Release|Any CPU.ActiveCfg = Release|Any CPU
		{7BC6D5BD-1960-45C7-8347-3E3A9F18258F}.Release|Any CPU.Build.0 = Release|Any CPU
	EndGlobalSection
	GlobalSection(SolutionProperties) = preSolution
		HideSolutionNode = FALSE
	EndGlobalSection
	GlobalSection(ExtensibilityGlobals) = postSolution
		SolutionGuid = {6F60B6EF-74CB-4046-9ECF-7ACC73B82D8C}
	EndGlobalSection
EndGlobal
